// !$*UTF8*$!
{
	archiveVersion = 1;
	classes = {
	};
	objectVersion = 50;
	objects = {

/* Begin PBXGroup section */
		FD1CCAFB221051B5009EEA5C = {
			isa = PBXGroup;
			children = (
			);
			sourceTree = "<group>";
		};
/* End PBXGroup section */

/* Begin PBXProject section */
		FD1CCAFC221051B5009EEA5C /* Project object */ = {
			isa = PBXProject;
			attributes = {
				LastUpgradeCheck = 1010;
			};
			buildConfigurationList = FD1CCAFF221051B5009EEA5C /* Build configuration list for PBXProject "Osborn" */;
			compatibilityVersion = "Xcode 9.3";
			developmentRegion = en;
			hasScannedForEncodings = 0;
			knownRegions = (
				en,
			);
			mainGroup = FD1CCAFB221051B5009EEA5C;
			projectDirPath = "";
			projectRoot = "";
			targets = (
			);
		};
/* End PBXProject section */

/* Begin XCBuildConfiguration section */
		FD1CCB00221051B5009EEA5C /* Debug */ = {
			isa = XCBuildConfiguration;
			buildSettings = {
			};
			name = Debug;
		};
		FD1CCB01221051B5009EEA5C /* Release */ = {
			isa = XCBuildConfiguration;
			buildSettings = {
			};
			name = Release;
		};
/* End XCBuildConfiguration section */

/* Begin XCConfigurationList section */
		FD1CCAFF221051B5009EEA5C /* Build configuration list for PBXProject "Osborn" */ = {
			isa = XCConfigurationList;
			buildConfigurations = (
				FD1CCB00221051B5009EEA5C /* Debug */,
				FD1CCB01221051B5009EEA5C /* Release */,
			);
			defaultConfigurationIsVisible = 0;
			defaultConfigurationName = Release;
		};
/* End XCConfigurationList section */
	};
	rootObject = FD1CCAFC221051B5009EEA5C /* Project object */;
}
